schema: '2.0'
stages:
  model_training:
    cmd: python src/model_training.py
    deps:
    - path: dataset/feature_engineering
      hash: md5
      md5: 778be7a4be41c2bf5bd2b5a8754a1982.dir
      size: 1004399
      nfiles: 1
    - path: src/model_training.py
      hash: md5
      md5: f30a3b8e10d3d32f14ff584b02f7349c
      size: 3410
    params:
      params.yaml:
        model_training.lr: 0.4
        model_training.random_state: 42
        model_training.test_size: 0.15
    outs:
    - path: model/model.pkl
      hash: md5
      md5: 20717c28ee46b0b1c10a1b7026e64af2
      size: 143703
  model_evaluation:
    cmd: python src/model_evaluation.py
    deps:
    - path: model/model.pkl
      hash: md5
      md5: 20717c28ee46b0b1c10a1b7026e64af2
      size: 143703
    - path: src/model_evaluation.py
      hash: md5
      md5: b1723950ef2bb507f12c966b2aadd792
      size: 6546
    params:
      params.yaml:
        model_evaluation.random_state: 42
        model_evaluation.test_size: 0.15
    outs:
    - path: model_reports/metrics.json
      hash: md5
      md5: cf9401841ec27435da957e20baa227b9
      size: 109
    - path: model_reports/model_info.json
      hash: md5
      md5: 701580917f80bce00f2d85073ff4fe89
      size: 82
  model_registry:
    cmd: python src/model_registry.py
    deps:
    - path: model_reports/model_info.json
      hash: md5
      md5: 701580917f80bce00f2d85073ff4fe89
      size: 82
    - path: src/model_registry.py
      hash: md5
      md5: 086625958b43f21f6a0c68f36c148cff
      size: 2138
