schema: '2.0'
stages:
  data_ingestion:
    cmd: python src/data_ingestion.py
    deps:
    - path: src/data_ingestion.py
      hash: md5
      md5: ba53f8c88c0bc9a606847808a1bbc123
      size: 3333
    outs:
    - path: dataset
      hash: md5
      md5: a03ae9a6486579107eb2f0d550e5cc69.dir
      size: 6405838
      nfiles: 1
  data_preprocessing:
    cmd: python src/data_preprocessing.py
    deps:
    - path: dataset
      hash: md5
      md5: 193aede6a6301b58245205dbb5169899.dir
      size: 4863247
      nfiles: 1
    - path: src/data_preprocessing.py
      hash: md5
      md5: e67a2f0d24a4c9100d01a183d80688b2
      size: 8034
  feature_engineering:
    cmd: python src/feature_engineering.py
    deps:
    - path: src/feature_engineering.py
      hash: md5
      md5: 8bf2828447ee4a699c3cf9c70c1582e5
      size: 5183
  model_training:
    cmd: python src/model_training.py
    deps:
    - path: src/model_training.py
      hash: md5
      md5: 28aa67677c6cf479105dd9eceb7ab734
      size: 4684
    outs:
    - path: model/model.pkl
      hash: md5
      md5: b9c722db3afade5c1ca5c632d8dfcf9e
      size: 144567
  model_evaluation:
    cmd: python src/model_evaluation.py
    deps:
    - path: model/model.pkl
      hash: md5
      md5: b9c722db3afade5c1ca5c632d8dfcf9e
      size: 144567
    - path: src/model_evaluation.py
      hash: md5
      md5: 6000debd0da29d37f2e26d8347eb55f3
      size: 4878
